
Microsoft Visual Studio Solution File, Format Version 12.00
# Visual Studio Version 17
VisualStudioVersion = 17.0.31903.59
MinimumVisualStudioVersion = 10.0.40219.1
Project("{FAE04EC0-301F-11D3-BF4B-00C04F79EFBC}") = "Luthetus.Tutorials.RazorLib", "RazorLib\Luthetus.Tutorials.RazorLib.csproj", "{2B00A11A-B36F-4BB4-B3BE-A70F0998147E}"
EndProject
Project("{FAE04EC0-301F-11D3-BF4B-00C04F79EFBC}") = "Luthetus.Tutorials.Wasm", "Wasm\Luthetus.Tutorials.Wasm.csproj", "{DB8A4E30-E642-4561-B902-56D0BF91A0C4}"
EndProject
Project("{FAE04EC0-301F-11D3-BF4B-00C04F79EFBC}") = "Luthetus.Tutorials.ServerSide", "ServerSide\Luthetus.Tutorials.ServerSide.csproj", "{8BDEDBC8-EE07-4472-8DD9-E0EA73947E71}"
EndProject
Project("{FAE04EC0-301F-11D3-BF4B-00C04F79EFBC}") = "Luthetus.Tutorials.Photino", "Photino\Luthetus.Tutorials.Photino.csproj", "{179238FE-2372-4E6D-9292-109065B2500B}"
EndProject
Global
	GlobalSection(SolutionConfigurationPlatforms) = preSolution
		Debug|Any CPU = Debug|Any CPU
		Release|Any CPU = Release|Any CPU
	EndGlobalSection
	GlobalSection(SolutionProperties) = preSolution
		HideSolutionNode = FALSE
	EndGlobalSection
	GlobalSection(ProjectConfigurationPlatforms) = postSolution
		{2B00A11A-B36F-4BB4-B3BE-A70F0998147E}.Debug|Any CPU.ActiveCfg = Debug|Any CPU
		{2B00A11A-B36F-4BB4-B3BE-A70F0998147E}.Debug|Any CPU.Build.0 = Debug|Any CPU
		{2B00A11A-B36F-4BB4-B3BE-A70F0998147E}.Release|Any CPU.ActiveCfg = Release|Any CPU
		{2B00A11A-B36F-4BB4-B3BE-A70F0998147E}.Release|Any CPU.Build.0 = Release|Any CPU
		{DB8A4E30-E642-4561-B902-56D0BF91A0C4}.Debug|Any CPU.ActiveCfg = Debug|Any CPU
		{DB8A4E30-E642-4561-B902-56D0BF91A0C4}.Debug|Any CPU.Build.0 = Debug|Any CPU
		{DB8A4E30-E642-4561-B902-56D0BF91A0C4}.Release|Any CPU.ActiveCfg = Release|Any CPU
		{DB8A4E30-E642-4561-B902-56D0BF91A0C4}.Release|Any CPU.Build.0 = Release|Any CPU
		{8BDEDBC8-EE07-4472-8DD9-E0EA73947E71}.Debug|Any CPU.ActiveCfg = Debug|Any CPU
		{8BDEDBC8-EE07-4472-8DD9-E0EA73947E71}.Debug|Any CPU.Build.0 = Debug|Any CPU
		{8BDEDBC8-EE07-4472-8DD9-E0EA73947E71}.Release|Any CPU.ActiveCfg = Release|Any CPU
		{8BDEDBC8-EE07-4472-8DD9-E0EA73947E71}.Release|Any CPU.Build.0 = Release|Any CPU
		{179238FE-2372-4E6D-9292-109065B2500B}.Debug|Any CPU.ActiveCfg = Debug|Any CPU
		{179238FE-2372-4E6D-9292-109065B2500B}.Debug|Any CPU.Build.0 = Debug|Any CPU
		{179238FE-2372-4E6D-9292-109065B2500B}.Release|Any CPU.ActiveCfg = Release|Any CPU
		{179238FE-2372-4E6D-9292-109065B2500B}.Release|Any CPU.Build.0 = Release|Any CPU
	EndGlobalSection
EndGlobal
